
Microsoft Visual Studio Solution File, Format Version 12.00
# Visual Studio 14
VisualStudioVersion = 14.0.25420.1
MinimumVisualStudioVersion = 10.0.40219.1
Project("{FAE04EC0-301F-11D3-BF4B-00C04F79EFBC}") = "EFMVCPlatform.IDAL", "EFMVCPlatform.IDAL\EFMVCPlatform.IDAL.csproj", "{6F95D1E0-D99D-431F-A927-1C43164CA12D}"
EndProject
Project("{FAE04EC0-301F-11D3-BF4B-00C04F79EFBC}") = "EFMVCPlatform.IBusiness", "EFMVCPlatform.IBusiness\EFMVCPlatform.IBusiness.csproj", "{A09FB64D-BBF8-46FB-BBE8-0D660451F78C}"
EndProject
Project("{FAE04EC0-301F-11D3-BF4B-00C04F79EFBC}") = "EFMVCPlatform.Web", "EFMVCPlatform.Web\EFMVCPlatform.Web.csproj", "{C9BEA42B-010E-4158-A969-4DC99962F562}"
EndProject
Project("{FAE04EC0-301F-11D3-BF4B-00C04F79EFBC}") = "EFMVCPlatform.WebAPI", "EFMVCPlatform.WebAPI\EFMVCPlatform.WebAPI.csproj", "{67FE6DE2-E704-4D4A-BCFB-3D23D0CEC3F9}"
EndProject
Project("{FAE04EC0-301F-11D3-BF4B-00C04F79EFBC}") = "EFMVCPlatform.Business", "EFMVCPlatform.Business\EFMVCPlatform.Business.csproj", "{AAF698F3-DF58-457F-AFBD-0CC6ECCC286B}"
EndProject
Project("{FAE04EC0-301F-11D3-BF4B-00C04F79EFBC}") = "EFMVCPlatform.DAL", "EFMVCPlatform.DAL\EFMVCPlatform.DAL.csproj", "{E9143935-1038-4427-B464-FE191BFD3BA5}"
EndProject
Project("{FAE04EC0-301F-11D3-BF4B-00C04F79EFBC}") = "EFMVCPlatform.Models", "EFMVCPlatform.Models\EFMVCPlatform.Models.csproj", "{2E49231D-7B54-42A5-AB70-77427B492A75}"
EndProject
Project("{FAE04EC0-301F-11D3-BF4B-00C04F79EFBC}") = "EFMVCPlatform.WinForm", "EFMVCPlatform.WinForm\EFMVCPlatform.WinForm.csproj", "{4075333A-2DDA-44E2-9D6E-74E4FA2B99B7}"
EndProject
Project("{FAE04EC0-301F-11D3-BF4B-00C04F79EFBC}") = "EFMVCPlatform.WPF", "EFMVCPlatform.WPF\EFMVCPlatform.WPF.csproj", "{20590FCA-0553-4938-B648-41A77AB310A9}"
EndProject
Project("{FAE04EC0-301F-11D3-BF4B-00C04F79EFBC}") = "EFMVCPlatform.WebAspx", "EFMVCPlatform.WebAspx\EFMVCPlatform.WebAspx.csproj", "{3A25254A-C927-43D1-9DFB-A7BACBFBE62B}"
EndProject
Project("{FAE04EC0-301F-11D3-BF4B-00C04F79EFBC}") = "CommunicationLibrary", "CommunicationLibrary\CommunicationLibrary.csproj", "{52113A68-6DFC-4A7E-8CEB-84EBDA5130C1}"
EndProject
Global
	GlobalSection(SolutionConfigurationPlatforms) = preSolution
		Debug|Any CPU = Debug|Any CPU
		Release|Any CPU = Release|Any CPU
	EndGlobalSection
	GlobalSection(ProjectConfigurationPlatforms) = postSolution
		{6F95D1E0-D99D-431F-A927-1C43164CA12D}.Debug|Any CPU.ActiveCfg = Debug|Any CPU
		{6F95D1E0-D99D-431F-A927-1C43164CA12D}.Debug|Any CPU.Build.0 = Debug|Any CPU
		{6F95D1E0-D99D-431F-A927-1C43164CA12D}.Release|Any CPU.ActiveCfg = Release|Any CPU
		{6F95D1E0-D99D-431F-A927-1C43164CA12D}.Release|Any CPU.Build.0 = Release|Any CPU
		{A09FB64D-BBF8-46FB-BBE8-0D660451F78C}.Debug|Any CPU.ActiveCfg = Debug|Any CPU
		{A09FB64D-BBF8-46FB-BBE8-0D660451F78C}.Debug|Any CPU.Build.0 = Debug|Any CPU
		{A09FB64D-BBF8-46FB-BBE8-0D660451F78C}.Release|Any CPU.ActiveCfg = Release|Any CPU
		{A09FB64D-BBF8-46FB-BBE8-0D660451F78C}.Release|Any CPU.Build.0 = Release|Any CPU
		{C9BEA42B-010E-4158-A969-4DC99962F562}.Debug|Any CPU.ActiveCfg = Debug|Any CPU
		{C9BEA42B-010E-4158-A969-4DC99962F562}.Debug|Any CPU.Build.0 = Debug|Any CPU
		{C9BEA42B-010E-4158-A969-4DC99962F562}.Release|Any CPU.ActiveCfg = Release|Any CPU
		{C9BEA42B-010E-4158-A969-4DC99962F562}.Release|Any CPU.Build.0 = Release|Any CPU
		{67FE6DE2-E704-4D4A-BCFB-3D23D0CEC3F9}.Debug|Any CPU.ActiveCfg = Debug|Any CPU
		{67FE6DE2-E704-4D4A-BCFB-3D23D0CEC3F9}.Debug|Any CPU.Build.0 = Debug|Any CPU
		{67FE6DE2-E704-4D4A-BCFB-3D23D0CEC3F9}.Release|Any CPU.ActiveCfg = Release|Any CPU
		{67FE6DE2-E704-4D4A-BCFB-3D23D0CEC3F9}.Release|Any CPU.Build.0 = Release|Any CPU
		{AAF698F3-DF58-457F-AFBD-0CC6ECCC286B}.Debug|Any CPU.ActiveCfg = Debug|Any CPU
		{AAF698F3-DF58-457F-AFBD-0CC6ECCC286B}.Debug|Any CPU.Build.0 = Debug|Any CPU
		{AAF698F3-DF58-457F-AFBD-0CC6ECCC286B}.Debug|Any CPU.Deploy.0 = Debug|Any CPU
		{AAF698F3-DF58-457F-AFBD-0CC6ECCC286B}.Release|Any CPU.ActiveCfg = Release|Any CPU
		{AAF698F3-DF58-457F-AFBD-0CC6ECCC286B}.Release|Any CPU.Build.0 = Release|Any CPU
		{E9143935-1038-4427-B464-FE191BFD3BA5}.Debug|Any CPU.ActiveCfg = Debug|Any CPU
		{E9143935-1038-4427-B464-FE191BFD3BA5}.Debug|Any CPU.Build.0 = Debug|Any CPU
		{E9143935-1038-4427-B464-FE191BFD3BA5}.Release|Any CPU.ActiveCfg = Release|Any CPU
		{E9143935-1038-4427-B464-FE191BFD3BA5}.Release|Any CPU.Build.0 = Release|Any CPU
		{2E49231D-7B54-42A5-AB70-77427B492A75}.Debug|Any CPU.ActiveCfg = Debug|Any CPU
		{2E49231D-7B54-42A5-AB70-77427B492A75}.Debug|Any CPU.Build.0 = Debug|Any CPU
		{2E49231D-7B54-42A5-AB70-77427B492A75}.Release|Any CPU.ActiveCfg = Release|Any CPU
		{2E49231D-7B54-42A5-AB70-77427B492A75}.Release|Any CPU.Build.0 = Release|Any CPU
		{4075333A-2DDA-44E2-9D6E-74E4FA2B99B7}.Debug|Any CPU.ActiveCfg = Debug|Any CPU
		{4075333A-2DDA-44E2-9D6E-74E4FA2B99B7}.Debug|Any CPU.Build.0 = Debug|Any CPU
		{4075333A-2DDA-44E2-9D6E-74E4FA2B99B7}.Release|Any CPU.ActiveCfg = Release|Any CPU
		{4075333A-2DDA-44E2-9D6E-74E4FA2B99B7}.Release|Any CPU.Build.0 = Release|Any CPU
		{20590FCA-0553-4938-B648-41A77AB310A9}.Debug|Any CPU.ActiveCfg = Debug|Any CPU
		{20590FCA-0553-4938-B648-41A77AB310A9}.Debug|Any CPU.Build.0 = Debug|Any CPU
		{20590FCA-0553-4938-B648-41A77AB310A9}.Release|Any CPU.ActiveCfg = Release|Any CPU
		{20590FCA-0553-4938-B648-41A77AB310A9}.Release|Any CPU.Build.0 = Release|Any CPU
		{3A25254A-C927-43D1-9DFB-A7BACBFBE62B}.Debug|Any CPU.ActiveCfg = Debug|Any CPU
		{3A25254A-C927-43D1-9DFB-A7BACBFBE62B}.Debug|Any CPU.Build.0 = Debug|Any CPU
		{3A25254A-C927-43D1-9DFB-A7BACBFBE62B}.Release|Any CPU.ActiveCfg = Release|Any CPU
		{3A25254A-C927-43D1-9DFB-A7BACBFBE62B}.Release|Any CPU.Build.0 = Release|Any CPU
		{52113A68-6DFC-4A7E-8CEB-84EBDA5130C1}.Debug|Any CPU.ActiveCfg = Debug|Any CPU
		{52113A68-6DFC-4A7E-8CEB-84EBDA5130C1}.Debug|Any CPU.Build.0 = Debug|Any CPU
		{52113A68-6DFC-4A7E-8CEB-84EBDA5130C1}.Release|Any CPU.ActiveCfg = Release|Any CPU
		{52113A68-6DFC-4A7E-8CEB-84EBDA5130C1}.Release|Any CPU.Build.0 = Release|Any CPU
	EndGlobalSection
	GlobalSection(SolutionProperties) = preSolution
		HideSolutionNode = FALSE
	EndGlobalSection
EndGlobal
